
Microsoft Visual Studio Solution File, Format Version 12.00
# Visual Studio Version 16
VisualStudioVersion = 16.0.31105.61
MinimumVisualStudioVersion = 10.0.40219.1
Project("{9A19103F-16F7-4668-BE54-9A1E7A4F7556}") = "Entities", "Entities\Entities.csproj", "{BBD231C6-AB3A-404A-9115-D1F31AD3D030}"
EndProject
Project("{9A19103F-16F7-4668-BE54-9A1E7A4F7556}") = "DataAccess", "DataAccess\DataAccess.csproj", "{8052824E-42E8-4039-89C4-704318476E22}"
EndProject
Project("{9A19103F-16F7-4668-BE54-9A1E7A4F7556}") = "Core", "Core\Core.csproj", "{6796F6D7-BE5F-4492-864F-12089CDEB262}"
EndProject
Project("{9A19103F-16F7-4668-BE54-9A1E7A4F7556}") = "Business", "Business\Business.csproj", "{B3CAC921-AF06-4FEC-8AA3-860EB15A7576}"
EndProject
Project("{FAE04EC0-301F-11D3-BF4B-00C04F79EFBC}") = "WebAPI", "WebAPI\WebAPI.csproj", "{968120CA-98EA-4FD2-8028-9BC4A78F03DF}"
EndProject
Global
	GlobalSection(SolutionConfigurationPlatforms) = preSolution
		Debug|Any CPU = Debug|Any CPU
		Release|Any CPU = Release|Any CPU
	EndGlobalSection
	GlobalSection(ProjectConfigurationPlatforms) = postSolution
		{BBD231C6-AB3A-404A-9115-D1F31AD3D030}.Debug|Any CPU.ActiveCfg = Debug|Any CPU
		{BBD231C6-AB3A-404A-9115-D1F31AD3D030}.Debug|Any CPU.Build.0 = Debug|Any CPU
		{BBD231C6-AB3A-404A-9115-D1F31AD3D030}.Release|Any CPU.ActiveCfg = Release|Any CPU
		{BBD231C6-AB3A-404A-9115-D1F31AD3D030}.Release|Any CPU.Build.0 = Release|Any CPU
		{8052824E-42E8-4039-89C4-704318476E22}.Debug|Any CPU.ActiveCfg = Debug|Any CPU
		{8052824E-42E8-4039-89C4-704318476E22}.Debug|Any CPU.Build.0 = Debug|Any CPU
		{8052824E-42E8-4039-89C4-704318476E22}.Release|Any CPU.ActiveCfg = Release|Any CPU
		{8052824E-42E8-4039-89C4-704318476E22}.Release|Any CPU.Build.0 = Release|Any CPU
		{6796F6D7-BE5F-4492-864F-12089CDEB262}.Debug|Any CPU.ActiveCfg = Debug|Any CPU
		{6796F6D7-BE5F-4492-864F-12089CDEB262}.Debug|Any CPU.Build.0 = Debug|Any CPU
		{6796F6D7-BE5F-4492-864F-12089CDEB262}.Release|Any CPU.ActiveCfg = Release|Any CPU
		{6796F6D7-BE5F-4492-864F-12089CDEB262}.Release|Any CPU.Build.0 = Release|Any CPU
		{B3CAC921-AF06-4FEC-8AA3-860EB15A7576}.Debug|Any CPU.ActiveCfg = Debug|Any CPU
		{B3CAC921-AF06-4FEC-8AA3-860EB15A7576}.Debug|Any CPU.Build.0 = Debug|Any CPU
		{B3CAC921-AF06-4FEC-8AA3-860EB15A7576}.Release|Any CPU.ActiveCfg = Release|Any CPU
		{B3CAC921-AF06-4FEC-8AA3-860EB15A7576}.Release|Any CPU.Build.0 = Release|Any CPU
		{968120CA-98EA-4FD2-8028-9BC4A78F03DF}.Debug|Any CPU.ActiveCfg = Debug|Any CPU
		{968120CA-98EA-4FD2-8028-9BC4A78F03DF}.Debug|Any CPU.Build.0 = Debug|Any CPU
		{968120CA-98EA-4FD2-8028-9BC4A78F03DF}.Release|Any CPU.ActiveCfg = Release|Any CPU
		{968120CA-98EA-4FD2-8028-9BC4A78F03DF}.Release|Any CPU.Build.0 = Release|Any CPU
	EndGlobalSection
	GlobalSection(SolutionProperties) = preSolution
		HideSolutionNode = FALSE
	EndGlobalSection
	GlobalSection(ExtensibilityGlobals) = postSolution
		SolutionGuid = {16363F55-57DB-4A30-91FF-1FA73803DD3A}
	EndGlobalSection
EndGlobal
